// !$*UTF8*$!
{
	archiveVersion = 1;
	classes = {
	};
	objectVersion = 56;
	objects = {

/* Begin PBXBuildFile section */
		5C128AFE2AD4F84200E7F842 /* DREventTableViewCell.swift in Sources */ = {isa = PBXBuildFile; fileRef = 5C128AFD2AD4F84200E7F842 /* DREventTableViewCell.swift */; };
		5C17BFB92ADA27E600B1F8DB /* DRInstitutionTableViewCell.swift in Sources */ = {isa = PBXBuildFile; fileRef = 5C17BFB82ADA27E600B1F8DB /* DRInstitutionTableViewCell.swift */; };
		5C17BFBC2ADA2B7C00B1F8DB /* DRInstitutionTableViewCellViewModel.swift in Sources */ = {isa = PBXBuildFile; fileRef = 5C17BFBB2ADA2B7C00B1F8DB /* DRInstitutionTableViewCellViewModel.swift */; };
		5C17BFBE2ADA325700B1F8DB /* DRInstitutionViewViewModel.swift in Sources */ = {isa = PBXBuildFile; fileRef = 5C17BFBD2ADA325700B1F8DB /* DRInstitutionViewViewModel.swift */; };
		5C18ECA32AC3B68700E101EF /* DRLoginView.swift in Sources */ = {isa = PBXBuildFile; fileRef = 5C18ECA22AC3B68700E101EF /* DRLoginView.swift */; };
		5C1AB9552AB53E5A00093930 /* DRDonatesView.swift in Sources */ = {isa = PBXBuildFile; fileRef = 5C1AB9542AB53E5A00093930 /* DRDonatesView.swift */; };
		5C1AB9572AB53EBD00093930 /* DRDonatesViewController.swift in Sources */ = {isa = PBXBuildFile; fileRef = 5C1AB9562AB53EBD00093930 /* DRDonatesViewController.swift */; };
		5C1AB95A2AB54D8400093930 /* DREventView.swift in Sources */ = {isa = PBXBuildFile; fileRef = 5C1AB9592AB54D8400093930 /* DREventView.swift */; };
		5C1AB95C2AB54DF600093930 /* DREventViewController.swift in Sources */ = {isa = PBXBuildFile; fileRef = 5C1AB95B2AB54DF600093930 /* DREventViewController.swift */; };
		5C1AB9602AB5581D00093930 /* DREventViewViewModel.swift in Sources */ = {isa = PBXBuildFile; fileRef = 5C1AB95F2AB5581D00093930 /* DREventViewViewModel.swift */; };
		5C1AB9622AB5588500093930 /* DRHeaderEventViewCollectionViewCellViewModel.swift in Sources */ = {isa = PBXBuildFile; fileRef = 5C1AB9612AB5588500093930 /* DRHeaderEventViewCollectionViewCellViewModel.swift */; };
		5C1AB9642AB5595E00093930 /* DRHeaderEventViewCollectionViewCell.swift in Sources */ = {isa = PBXBuildFile; fileRef = 5C1AB9632AB5595E00093930 /* DRHeaderEventViewCollectionViewCell.swift */; };
		5C2041F22AE1DAFD00E2F388 /* DRDonateTableViewCell.swift in Sources */ = {isa = PBXBuildFile; fileRef = 5C2041F12AE1DAFD00E2F388 /* DRDonateTableViewCell.swift */; };
		5C2041F52AE1DC6300E2F388 /* DRDonateTableViewCellViewModel.swift in Sources */ = {isa = PBXBuildFile; fileRef = 5C2041F42AE1DC6300E2F388 /* DRDonateTableViewCellViewModel.swift */; };
		5C2041F72AE1E3DE00E2F388 /* DRDonateViewViewModel.swift in Sources */ = {isa = PBXBuildFile; fileRef = 5C2041F62AE1E3DE00E2F388 /* DRDonateViewViewModel.swift */; };
		5C2BCEE72AE5FD1E00D92A78 /* DRDetailsDonateViewController.swift in Sources */ = {isa = PBXBuildFile; fileRef = 5C2BCEE62AE5FD1E00D92A78 /* DRDetailsDonateViewController.swift */; };
		5C2BCEE92AE5FD4A00D92A78 /* DRDetailsDonateView.swift in Sources */ = {isa = PBXBuildFile; fileRef = 5C2BCEE82AE5FD4A00D92A78 /* DRDetailsDonateView.swift */; };
		5C2BCEEB2AE5FD6E00D92A78 /* DRDetailsDonateViewViewModel.swift in Sources */ = {isa = PBXBuildFile; fileRef = 5C2BCEEA2AE5FD6E00D92A78 /* DRDetailsDonateViewViewModel.swift */; };
		5C59645329EF9813003BB257 /* AppDelegate.swift in Sources */ = {isa = PBXBuildFile; fileRef = 5C59645229EF9813003BB257 /* AppDelegate.swift */; };
		5C59645529EF9813003BB257 /* SceneDelegate.swift in Sources */ = {isa = PBXBuildFile; fileRef = 5C59645429EF9813003BB257 /* SceneDelegate.swift */; };
		5C59645729EF9813003BB257 /* TabBarController.swift in Sources */ = {isa = PBXBuildFile; fileRef = 5C59645629EF9813003BB257 /* TabBarController.swift */; };
		5C59645C29EF9814003BB257 /* Assets.xcassets in Resources */ = {isa = PBXBuildFile; fileRef = 5C59645B29EF9814003BB257 /* Assets.xcassets */; };
		5C59645F29EF9814003BB257 /* LaunchScreen.storyboard in Resources */ = {isa = PBXBuildFile; fileRef = 5C59645D29EF9814003BB257 /* LaunchScreen.storyboard */; };
		5C65472E29F7DDD0003EC311 /* Extensions.swift in Sources */ = {isa = PBXBuildFile; fileRef = 5C65472D29F7DDD0003EC311 /* Extensions.swift */; };
		5C7A084C2AB65A4A00F09422 /* DREventHomeSheetViewController.swift in Sources */ = {isa = PBXBuildFile; fileRef = 5C7A084B2AB65A4A00F09422 /* DREventHomeSheetViewController.swift */; };
		5C7A08512AB65B1700F09422 /* DREventHomeSheetView.swift in Sources */ = {isa = PBXBuildFile; fileRef = 5C7A08502AB65B1700F09422 /* DREventHomeSheetView.swift */; };
		5C8335272AD369B600F146A8 /* DRPreferenceViewController.swift in Sources */ = {isa = PBXBuildFile; fileRef = 5C8335262AD369B600F146A8 /* DRPreferenceViewController.swift */; };
		5C83352A2AD36A6000F146A8 /* DRPreferenceView.swift in Sources */ = {isa = PBXBuildFile; fileRef = 5C8335292AD36A6000F146A8 /* DRPreferenceView.swift */; };
		5CBDF3F92AD4FB60007AA1EE /* DREventTableViewCellViewModel.swift in Sources */ = {isa = PBXBuildFile; fileRef = 5CBDF3F82AD4FB60007AA1EE /* DREventTableViewCellViewModel.swift */; };
		5CC54DEC29EF9DD100963CD7 /* HomeViewController.swift in Sources */ = {isa = PBXBuildFile; fileRef = 5CC54DEB29EF9DD100963CD7 /* HomeViewController.swift */; };
		5CC54DEE29EF9E6900963CD7 /* ProfileViewController.swift in Sources */ = {isa = PBXBuildFile; fileRef = 5CC54DED29EF9E6900963CD7 /* ProfileViewController.swift */; };
		5CC54DF029EFA0FF00963CD7 /* TimeLineViewController.swift in Sources */ = {isa = PBXBuildFile; fileRef = 5CC54DEF29EFA0FF00963CD7 /* TimeLineViewController.swift */; };
		5CCAB9452A92DC2B0051B233 /* DRService.swift in Sources */ = {isa = PBXBuildFile; fileRef = 5CCAB9442A92DC2B0051B233 /* DRService.swift */; };
		5CCAB9472A92DCBA0051B233 /* DRRequest.swift in Sources */ = {isa = PBXBuildFile; fileRef = 5CCAB9462A92DCBA0051B233 /* DRRequest.swift */; };
		5CCAB9492A92DD990051B233 /* DREndpoint .swift in Sources */ = {isa = PBXBuildFile; fileRef = 5CCAB9482A92DD990051B233 /* DREndpoint .swift */; };
		5CCAB94B2A92E3D60051B233 /* DREvent.swift in Sources */ = {isa = PBXBuildFile; fileRef = 5CCAB94A2A92E3D60051B233 /* DREvent.swift */; };
		5CCAB94D2A92E3F10051B233 /* DRInstitution.swift in Sources */ = {isa = PBXBuildFile; fileRef = 5CCAB94C2A92E3F10051B233 /* DRInstitution.swift */; };
		5CCAB94F2A92E4050051B233 /* DRDonate.swift in Sources */ = {isa = PBXBuildFile; fileRef = 5CCAB94E2A92E4050051B233 /* DRDonate.swift */; };
		5CCAB9512A92E9FC0051B233 /* DRHomeView.swift in Sources */ = {isa = PBXBuildFile; fileRef = 5CCAB9502A92E9FC0051B233 /* DRHomeView.swift */; };
		5CCAB9532A92ED410051B233 /* DRHomeViewViewModel.swift in Sources */ = {isa = PBXBuildFile; fileRef = 5CCAB9522A92ED410051B233 /* DRHomeViewViewModel.swift */; };
		5CCAB9552A930A8F0051B233 /* DRHeaderHomeViewCollectionViewCell.swift in Sources */ = {isa = PBXBuildFile; fileRef = 5CCAB9542A930A8F0051B233 /* DRHeaderHomeViewCollectionViewCell.swift */; };
		5CCAB9572A930DDE0051B233 /* DRHeaderHomeViewCollectionViewCellViewModel.swift in Sources */ = {isa = PBXBuildFile; fileRef = 5CCAB9562A930DDE0051B233 /* DRHeaderHomeViewCollectionViewCellViewModel.swift */; };
		5CD8658E2AE62F5D00A9A666 /* DRDetailsInstitutionViewController.swift in Sources */ = {isa = PBXBuildFile; fileRef = 5CD8658D2AE62F5D00A9A666 /* DRDetailsInstitutionViewController.swift */; };
		5CD865912AE62F9F00A9A666 /* DRDetailsInstitutionView.swift in Sources */ = {isa = PBXBuildFile; fileRef = 5CD865902AE62F9F00A9A666 /* DRDetailsInstitutionView.swift */; };
		5CD865942AE62FC700A9A666 /* DRDetailsInstitutionViewViewModel.swift in Sources */ = {isa = PBXBuildFile; fileRef = 5CD865932AE62FC700A9A666 /* DRDetailsInstitutionViewViewModel.swift */; };
		5CF8DB742AD384DA005F444A /* DRPreferenceViewCollectionViewCell.swift in Sources */ = {isa = PBXBuildFile; fileRef = 5CF8DB732AD384DA005F444A /* DRPreferenceViewCollectionViewCell.swift */; };
		5CF8DB772AD3872F005F444A /* DRPreferenceViewCollectionViewCellViewModel.swift in Sources */ = {isa = PBXBuildFile; fileRef = 5CF8DB762AD3872F005F444A /* DRPreferenceViewCollectionViewCellViewModel.swift */; };
		5CF8DB792AD38A02005F444A /* DRPreferenceViewViewModel.swift in Sources */ = {isa = PBXBuildFile; fileRef = 5CF8DB782AD38A02005F444A /* DRPreferenceViewViewModel.swift */; };
		5CFEBDC72AB148E400327F6E /* DRInstitutionViewController.swift in Sources */ = {isa = PBXBuildFile; fileRef = 5CFEBDC62AB148E400327F6E /* DRInstitutionViewController.swift */; };
		5CFEBDCA2AB1499000327F6E /* DRInstitutionView.swift in Sources */ = {isa = PBXBuildFile; fileRef = 5CFEBDC92AB1499000327F6E /* DRInstitutionView.swift */; };
/* End PBXBuildFile section */

/* Begin PBXFileReference section */
		5C128AFD2AD4F84200E7F842 /* DREventTableViewCell.swift */ = {isa = PBXFileReference; lastKnownFileType = sourcecode.swift; path = DREventTableViewCell.swift; sourceTree = "<group>"; };
		5C17BFB82ADA27E600B1F8DB /* DRInstitutionTableViewCell.swift */ = {isa = PBXFileReference; lastKnownFileType = sourcecode.swift; path = DRInstitutionTableViewCell.swift; sourceTree = "<group>"; };
		5C17BFBB2ADA2B7C00B1F8DB /* DRInstitutionTableViewCellViewModel.swift */ = {isa = PBXFileReference; lastKnownFileType = sourcecode.swift; path = DRInstitutionTableViewCellViewModel.swift; sourceTree = "<group>"; };
		5C17BFBD2ADA325700B1F8DB /* DRInstitutionViewViewModel.swift */ = {isa = PBXFileReference; lastKnownFileType = sourcecode.swift; path = DRInstitutionViewViewModel.swift; sourceTree = "<group>"; };
		5C18ECA22AC3B68700E101EF /* DRLoginView.swift */ = {isa = PBXFileReference; lastKnownFileType = sourcecode.swift; path = DRLoginView.swift; sourceTree = "<group>"; };
		5C1AB9542AB53E5A00093930 /* DRDonatesView.swift */ = {isa = PBXFileReference; lastKnownFileType = sourcecode.swift; path = DRDonatesView.swift; sourceTree = "<group>"; };
		5C1AB9562AB53EBD00093930 /* DRDonatesViewController.swift */ = {isa = PBXFileReference; lastKnownFileType = sourcecode.swift; path = DRDonatesViewController.swift; sourceTree = "<group>"; };
		5C1AB9592AB54D8400093930 /* DREventView.swift */ = {isa = PBXFileReference; lastKnownFileType = sourcecode.swift; path = DREventView.swift; sourceTree = "<group>"; };
		5C1AB95B2AB54DF600093930 /* DREventViewController.swift */ = {isa = PBXFileReference; lastKnownFileType = sourcecode.swift; path = DREventViewController.swift; sourceTree = "<group>"; };
		5C1AB95F2AB5581D00093930 /* DREventViewViewModel.swift */ = {isa = PBXFileReference; lastKnownFileType = sourcecode.swift; path = DREventViewViewModel.swift; sourceTree = "<group>"; };
		5C1AB9612AB5588500093930 /* DRHeaderEventViewCollectionViewCellViewModel.swift */ = {isa = PBXFileReference; lastKnownFileType = sourcecode.swift; path = DRHeaderEventViewCollectionViewCellViewModel.swift; sourceTree = "<group>"; };
		5C1AB9632AB5595E00093930 /* DRHeaderEventViewCollectionViewCell.swift */ = {isa = PBXFileReference; lastKnownFileType = sourcecode.swift; path = DRHeaderEventViewCollectionViewCell.swift; sourceTree = "<group>"; };
		5C2041F12AE1DAFD00E2F388 /* DRDonateTableViewCell.swift */ = {isa = PBXFileReference; lastKnownFileType = sourcecode.swift; path = DRDonateTableViewCell.swift; sourceTree = "<group>"; };
		5C2041F42AE1DC6300E2F388 /* DRDonateTableViewCellViewModel.swift */ = {isa = PBXFileReference; lastKnownFileType = sourcecode.swift; path = DRDonateTableViewCellViewModel.swift; sourceTree = "<group>"; };
		5C2041F62AE1E3DE00E2F388 /* DRDonateViewViewModel.swift */ = {isa = PBXFileReference; lastKnownFileType = sourcecode.swift; path = DRDonateViewViewModel.swift; sourceTree = "<group>"; };
		5C2BCEE62AE5FD1E00D92A78 /* DRDetailsDonateViewController.swift */ = {isa = PBXFileReference; lastKnownFileType = sourcecode.swift; path = DRDetailsDonateViewController.swift; sourceTree = "<group>"; };
		5C2BCEE82AE5FD4A00D92A78 /* DRDetailsDonateView.swift */ = {isa = PBXFileReference; lastKnownFileType = sourcecode.swift; path = DRDetailsDonateView.swift; sourceTree = "<group>"; };
		5C2BCEEA2AE5FD6E00D92A78 /* DRDetailsDonateViewViewModel.swift */ = {isa = PBXFileReference; lastKnownFileType = sourcecode.swift; path = DRDetailsDonateViewViewModel.swift; sourceTree = "<group>"; };
		5C59644F29EF9813003BB257 /* dario.app */ = {isa = PBXFileReference; explicitFileType = wrapper.application; includeInIndex = 0; path = dario.app; sourceTree = BUILT_PRODUCTS_DIR; };
		5C59645229EF9813003BB257 /* AppDelegate.swift */ = {isa = PBXFileReference; lastKnownFileType = sourcecode.swift; path = AppDelegate.swift; sourceTree = "<group>"; };
		5C59645429EF9813003BB257 /* SceneDelegate.swift */ = {isa = PBXFileReference; lastKnownFileType = sourcecode.swift; path = SceneDelegate.swift; sourceTree = "<group>"; };
		5C59645629EF9813003BB257 /* TabBarController.swift */ = {isa = PBXFileReference; lastKnownFileType = sourcecode.swift; path = TabBarController.swift; sourceTree = "<group>"; };
		5C59645B29EF9814003BB257 /* Assets.xcassets */ = {isa = PBXFileReference; lastKnownFileType = folder.assetcatalog; path = Assets.xcassets; sourceTree = "<group>"; };
		5C59645E29EF9814003BB257 /* Base */ = {isa = PBXFileReference; lastKnownFileType = file.storyboard; name = Base; path = Base.lproj/LaunchScreen.storyboard; sourceTree = "<group>"; };
		5C59646029EF9814003BB257 /* Info.plist */ = {isa = PBXFileReference; lastKnownFileType = text.plist.xml; path = Info.plist; sourceTree = "<group>"; };
		5C65472D29F7DDD0003EC311 /* Extensions.swift */ = {isa = PBXFileReference; lastKnownFileType = sourcecode.swift; path = Extensions.swift; sourceTree = "<group>"; };
		5C7A084B2AB65A4A00F09422 /* DREventHomeSheetViewController.swift */ = {isa = PBXFileReference; lastKnownFileType = sourcecode.swift; path = DREventHomeSheetViewController.swift; sourceTree = "<group>"; };
		5C7A08502AB65B1700F09422 /* DREventHomeSheetView.swift */ = {isa = PBXFileReference; lastKnownFileType = sourcecode.swift; path = DREventHomeSheetView.swift; sourceTree = "<group>"; };
		5C8335262AD369B600F146A8 /* DRPreferenceViewController.swift */ = {isa = PBXFileReference; lastKnownFileType = sourcecode.swift; path = DRPreferenceViewController.swift; sourceTree = "<group>"; };
		5C8335292AD36A6000F146A8 /* DRPreferenceView.swift */ = {isa = PBXFileReference; lastKnownFileType = sourcecode.swift; path = DRPreferenceView.swift; sourceTree = "<group>"; };
		5CBDF3F82AD4FB60007AA1EE /* DREventTableViewCellViewModel.swift */ = {isa = PBXFileReference; lastKnownFileType = sourcecode.swift; path = DREventTableViewCellViewModel.swift; sourceTree = "<group>"; };
		5CC54DEB29EF9DD100963CD7 /* HomeViewController.swift */ = {isa = PBXFileReference; lastKnownFileType = sourcecode.swift; path = HomeViewController.swift; sourceTree = "<group>"; };
		5CC54DED29EF9E6900963CD7 /* ProfileViewController.swift */ = {isa = PBXFileReference; lastKnownFileType = sourcecode.swift; path = ProfileViewController.swift; sourceTree = "<group>"; };
		5CC54DEF29EFA0FF00963CD7 /* TimeLineViewController.swift */ = {isa = PBXFileReference; lastKnownFileType = sourcecode.swift; path = TimeLineViewController.swift; sourceTree = "<group>"; };
		5CCAB9442A92DC2B0051B233 /* DRService.swift */ = {isa = PBXFileReference; lastKnownFileType = sourcecode.swift; path = DRService.swift; sourceTree = "<group>"; };
		5CCAB9462A92DCBA0051B233 /* DRRequest.swift */ = {isa = PBXFileReference; lastKnownFileType = sourcecode.swift; path = DRRequest.swift; sourceTree = "<group>"; };
		5CCAB9482A92DD990051B233 /* DREndpoint .swift */ = {isa = PBXFileReference; lastKnownFileType = sourcecode.swift; path = "DREndpoint .swift"; sourceTree = "<group>"; };
		5CCAB94A2A92E3D60051B233 /* DREvent.swift */ = {isa = PBXFileReference; lastKnownFileType = sourcecode.swift; path = DREvent.swift; sourceTree = "<group>"; };
		5CCAB94C2A92E3F10051B233 /* DRInstitution.swift */ = {isa = PBXFileReference; lastKnownFileType = sourcecode.swift; path = DRInstitution.swift; sourceTree = "<group>"; };
		5CCAB94E2A92E4050051B233 /* DRDonate.swift */ = {isa = PBXFileReference; lastKnownFileType = sourcecode.swift; path = DRDonate.swift; sourceTree = "<group>"; };
		5CCAB9502A92E9FC0051B233 /* DRHomeView.swift */ = {isa = PBXFileReference; lastKnownFileType = sourcecode.swift; path = DRHomeView.swift; sourceTree = "<group>"; };
		5CCAB9522A92ED410051B233 /* DRHomeViewViewModel.swift */ = {isa = PBXFileReference; lastKnownFileType = sourcecode.swift; path = DRHomeViewViewModel.swift; sourceTree = "<group>"; };
		5CCAB9542A930A8F0051B233 /* DRHeaderHomeViewCollectionViewCell.swift */ = {isa = PBXFileReference; lastKnownFileType = sourcecode.swift; path = DRHeaderHomeViewCollectionViewCell.swift; sourceTree = "<group>"; };
		5CCAB9562A930DDE0051B233 /* DRHeaderHomeViewCollectionViewCellViewModel.swift */ = {isa = PBXFileReference; lastKnownFileType = sourcecode.swift; path = DRHeaderHomeViewCollectionViewCellViewModel.swift; sourceTree = "<group>"; };
		5CD8658D2AE62F5D00A9A666 /* DRDetailsInstitutionViewController.swift */ = {isa = PBXFileReference; lastKnownFileType = sourcecode.swift; path = DRDetailsInstitutionViewController.swift; sourceTree = "<group>"; };
		5CD865902AE62F9F00A9A666 /* DRDetailsInstitutionView.swift */ = {isa = PBXFileReference; lastKnownFileType = sourcecode.swift; path = DRDetailsInstitutionView.swift; sourceTree = "<group>"; };
		5CD865932AE62FC700A9A666 /* DRDetailsInstitutionViewViewModel.swift */ = {isa = PBXFileReference; lastKnownFileType = sourcecode.swift; path = DRDetailsInstitutionViewViewModel.swift; sourceTree = "<group>"; };
		5CF8DB732AD384DA005F444A /* DRPreferenceViewCollectionViewCell.swift */ = {isa = PBXFileReference; lastKnownFileType = sourcecode.swift; path = DRPreferenceViewCollectionViewCell.swift; sourceTree = "<group>"; };
		5CF8DB762AD3872F005F444A /* DRPreferenceViewCollectionViewCellViewModel.swift */ = {isa = PBXFileReference; lastKnownFileType = sourcecode.swift; path = DRPreferenceViewCollectionViewCellViewModel.swift; sourceTree = "<group>"; };
		5CF8DB782AD38A02005F444A /* DRPreferenceViewViewModel.swift */ = {isa = PBXFileReference; lastKnownFileType = sourcecode.swift; path = DRPreferenceViewViewModel.swift; sourceTree = "<group>"; };
		5CFEBDC62AB148E400327F6E /* DRInstitutionViewController.swift */ = {isa = PBXFileReference; lastKnownFileType = sourcecode.swift; path = DRInstitutionViewController.swift; sourceTree = "<group>"; };
		5CFEBDC92AB1499000327F6E /* DRInstitutionView.swift */ = {isa = PBXFileReference; lastKnownFileType = sourcecode.swift; path = DRInstitutionView.swift; sourceTree = "<group>"; };
/* End PBXFileReference section */

/* Begin PBXFrameworksBuildPhase section */
		5C59644C29EF9813003BB257 /* Frameworks */ = {
			isa = PBXFrameworksBuildPhase;
			buildActionMask = 2147483647;
			files = (
			);
			runOnlyForDeploymentPostprocessing = 0;
		};
/* End PBXFrameworksBuildPhase section */

/* Begin PBXGroup section */
		5C17BFBA2ADA2AEE00B1F8DB /* Institution */ = {
			isa = PBXGroup;
			children = (
				5CD865922AE62FB300A9A666 /* Details */,
				5C17BFBB2ADA2B7C00B1F8DB /* DRInstitutionTableViewCellViewModel.swift */,
				5C17BFBD2ADA325700B1F8DB /* DRInstitutionViewViewModel.swift */,
			);
			path = Institution;
			sourceTree = "<group>";
		};
		5C18ECA12AC3B61900E101EF /* Profile */ = {
			isa = PBXGroup;
			children = (
				5C18ECA22AC3B68700E101EF /* DRLoginView.swift */,
			);
			path = Profile;
			sourceTree = "<group>";
		};
		5C1AB9532AB53E3900093930 /* Donates */ = {
			isa = PBXGroup;
			children = (
				5C1AB9542AB53E5A00093930 /* DRDonatesView.swift */,
				5C2041F12AE1DAFD00E2F388 /* DRDonateTableViewCell.swift */,
				5C2BCEE82AE5FD4A00D92A78 /* DRDetailsDonateView.swift */,
			);
			path = Donates;
			sourceTree = "<group>";
		};
		5C1AB9582AB54D6500093930 /* Event */ = {
			isa = PBXGroup;
			children = (
				5C1AB9592AB54D8400093930 /* DREventView.swift */,
				5C1AB9632AB5595E00093930 /* DRHeaderEventViewCollectionViewCell.swift */,
				5C128AFD2AD4F84200E7F842 /* DREventTableViewCell.swift */,
			);
			path = Event;
			sourceTree = "<group>";
		};
		5C1AB95D2AB5577300093930 /* Home */ = {
			isa = PBXGroup;
			children = (
				5CCAB9562A930DDE0051B233 /* DRHeaderHomeViewCollectionViewCellViewModel.swift */,
				5CCAB9522A92ED410051B233 /* DRHomeViewViewModel.swift */,
			);
			path = Home;
			sourceTree = "<group>";
		};
		5C1AB95E2AB5577F00093930 /* Event */ = {
			isa = PBXGroup;
			children = (
				5C1AB95F2AB5581D00093930 /* DREventViewViewModel.swift */,
				5C1AB9612AB5588500093930 /* DRHeaderEventViewCollectionViewCellViewModel.swift */,
				5CBDF3F82AD4FB60007AA1EE /* DREventTableViewCellViewModel.swift */,
			);
			path = Event;
			sourceTree = "<group>";
		};
		5C2041F32AE1DC4800E2F388 /* Donate */ = {
			isa = PBXGroup;
			children = (
				5C2041F42AE1DC6300E2F388 /* DRDonateTableViewCellViewModel.swift */,
				5C2041F62AE1E3DE00E2F388 /* DRDonateViewViewModel.swift */,
				5C2BCEEA2AE5FD6E00D92A78 /* DRDetailsDonateViewViewModel.swift */,
			);
			path = Donate;
			sourceTree = "<group>";
		};
		5C59644629EF9813003BB257 = {
			isa = PBXGroup;
			children = (
				5C59645129EF9813003BB257 /* dario */,
				5C59645029EF9813003BB257 /* Products */,
			);
			sourceTree = "<group>";
		};
		5C59645029EF9813003BB257 /* Products */ = {
			isa = PBXGroup;
			children = (
				5C59644F29EF9813003BB257 /* dario.app */,
			);
			name = Products;
			sourceTree = "<group>";
		};
		5C59645129EF9813003BB257 /* dario */ = {
			isa = PBXGroup;
			children = (
				5CC54DE929EF9ACA00963CD7 /* Resources */,
				5CC54DE829EF9AB200963CD7 /* APIClient */,
				5CC54DE729EF9A7D00963CD7 /* Managers */,
				5CC54DE629EF9A4B00963CD7 /* ViewModels */,
				5CC54DE529EF99D000963CD7 /* Views */,
				5CC54DE429EF99A300963CD7 /* Models */,
				5CC54DE329EF999400963CD7 /* Controllers */,
				5C59646029EF9814003BB257 /* Info.plist */,
			);
			path = dario;
			sourceTree = "<group>";
		};
		5C8335282AD369D500F146A8 /* Preference */ = {
			isa = PBXGroup;
			children = (
				5C8335292AD36A6000F146A8 /* DRPreferenceView.swift */,
				5CF8DB732AD384DA005F444A /* DRPreferenceViewCollectionViewCell.swift */,
			);
			path = Preference;
			sourceTree = "<group>";
		};
		5CC54DE329EF999400963CD7 /* Controllers */ = {
			isa = PBXGroup;
			children = (
				5CFEBDC52AB148C400327F6E /* Others */,
				5CC54DEA29EF9C8800963CD7 /* Core */,
			);
			path = Controllers;
			sourceTree = "<group>";
		};
		5CC54DE429EF99A300963CD7 /* Models */ = {
			isa = PBXGroup;
			children = (
				5CCAB94A2A92E3D60051B233 /* DREvent.swift */,
				5CCAB94C2A92E3F10051B233 /* DRInstitution.swift */,
				5CCAB94E2A92E4050051B233 /* DRDonate.swift */,
			);
			path = Models;
			sourceTree = "<group>";
		};
		5CC54DE529EF99D000963CD7 /* Views */ = {
			isa = PBXGroup;
			children = (
				5C8335282AD369D500F146A8 /* Preference */,
				5C18ECA12AC3B61900E101EF /* Profile */,
				5C1AB9582AB54D6500093930 /* Event */,
				5C1AB9532AB53E3900093930 /* Donates */,
				5CFEBDC82AB1496000327F6E /* Institutions */,
				5CFEBDC42AB1489100327F6E /* Home */,
			);
			path = Views;
			sourceTree = "<group>";
		};
		5CC54DE629EF9A4B00963CD7 /* ViewModels */ = {
			isa = PBXGroup;
			children = (
				5C2041F32AE1DC4800E2F388 /* Donate */,
				5C17BFBA2ADA2AEE00B1F8DB /* Institution */,
				5CF8DB752AD386E9005F444A /* Preference */,
				5C1AB95E2AB5577F00093930 /* Event */,
				5C1AB95D2AB5577300093930 /* Home */,
			);
			path = ViewModels;
			sourceTree = "<group>";
		};
		5CC54DE729EF9A7D00963CD7 /* Managers */ = {
			isa = PBXGroup;
			children = (
			);
			path = Managers;
			sourceTree = "<group>";
		};
		5CC54DE829EF9AB200963CD7 /* APIClient */ = {
			isa = PBXGroup;
			children = (
				5CCAB9442A92DC2B0051B233 /* DRService.swift */,
				5CCAB9462A92DCBA0051B233 /* DRRequest.swift */,
				5CCAB9482A92DD990051B233 /* DREndpoint .swift */,
			);
			path = APIClient;
			sourceTree = "<group>";
		};
		5CC54DE929EF9ACA00963CD7 /* Resources */ = {
			isa = PBXGroup;
			children = (
				5C59645229EF9813003BB257 /* AppDelegate.swift */,
				5C59645B29EF9814003BB257 /* Assets.xcassets */,
				5C59645D29EF9814003BB257 /* LaunchScreen.storyboard */,
				5C59645429EF9813003BB257 /* SceneDelegate.swift */,
				5C65472D29F7DDD0003EC311 /* Extensions.swift */,
			);
			path = Resources;
			sourceTree = "<group>";
		};
		5CC54DEA29EF9C8800963CD7 /* Core */ = {
			isa = PBXGroup;
			children = (
				5C59645629EF9813003BB257 /* TabBarController.swift */,
				5CC54DEB29EF9DD100963CD7 /* HomeViewController.swift */,
				5CC54DED29EF9E6900963CD7 /* ProfileViewController.swift */,
				5CC54DEF29EFA0FF00963CD7 /* TimeLineViewController.swift */,
			);
			path = Core;
			sourceTree = "<group>";
		};
		5CD8658F2AE62F7500A9A666 /* Details */ = {
			isa = PBXGroup;
			children = (
				5CD865902AE62F9F00A9A666 /* DRDetailsInstitutionView.swift */,
			);
			path = Details;
			sourceTree = "<group>";
		};
		5CD865922AE62FB300A9A666 /* Details */ = {
			isa = PBXGroup;
			children = (
				5CD865932AE62FC700A9A666 /* DRDetailsInstitutionViewViewModel.swift */,
			);
			path = Details;
			sourceTree = "<group>";
		};
		5CF8DB752AD386E9005F444A /* Preference */ = {
			isa = PBXGroup;
			children = (
				5CF8DB762AD3872F005F444A /* DRPreferenceViewCollectionViewCellViewModel.swift */,
				5CF8DB782AD38A02005F444A /* DRPreferenceViewViewModel.swift */,
			);
			path = Preference;
			sourceTree = "<group>";
		};
		5CFEBDC42AB1489100327F6E /* Home */ = {
			isa = PBXGroup;
			children = (
				5CCAB9502A92E9FC0051B233 /* DRHomeView.swift */,
				5CCAB9542A930A8F0051B233 /* DRHeaderHomeViewCollectionViewCell.swift */,
				5C7A08502AB65B1700F09422 /* DREventHomeSheetView.swift */,
			);
			path = Home;
			sourceTree = "<group>";
		};
		5CFEBDC52AB148C400327F6E /* Others */ = {
			isa = PBXGroup;
			children = (
				5CFEBDC62AB148E400327F6E /* DRInstitutionViewController.swift */,
				5C1AB9562AB53EBD00093930 /* DRDonatesViewController.swift */,
				5C7A084B2AB65A4A00F09422 /* DREventHomeSheetViewController.swift */,
				5C1AB95B2AB54DF600093930 /* DREventViewController.swift */,
				5C8335262AD369B600F146A8 /* DRPreferenceViewController.swift */,
				5C2BCEE62AE5FD1E00D92A78 /* DRDetailsDonateViewController.swift */,
				5CD8658D2AE62F5D00A9A666 /* DRDetailsInstitutionViewController.swift */,
			);
			path = Others;
			sourceTree = "<group>";
		};
		5CFEBDC82AB1496000327F6E /* Institutions */ = {
			isa = PBXGroup;
			children = (
				5CD8658F2AE62F7500A9A666 /* Details */,
				5CFEBDC92AB1499000327F6E /* DRInstitutionView.swift */,
				5C17BFB82ADA27E600B1F8DB /* DRInstitutionTableViewCell.swift */,
			);
			path = Institutions;
			sourceTree = "<group>";
		};
/* End PBXGroup section */

/* Begin PBXNativeTarget section */
		5C59644E29EF9813003BB257 /* dario */ = {
			isa = PBXNativeTarget;
			buildConfigurationList = 5C59646329EF9814003BB257 /* Build configuration list for PBXNativeTarget "dario" */;
			buildPhases = (
				5C59644B29EF9813003BB257 /* Sources */,
				5C59644C29EF9813003BB257 /* Frameworks */,
				5C59644D29EF9813003BB257 /* Resources */,
			);
			buildRules = (
			);
			dependencies = (
			);
			name = dario;
			productName = dario;
			productReference = 5C59644F29EF9813003BB257 /* dario.app */;
			productType = "com.apple.product-type.application";
		};
/* End PBXNativeTarget section */

/* Begin PBXProject section */
		5C59644729EF9813003BB257 /* Project object */ = {
			isa = PBXProject;
			attributes = {
				BuildIndependentTargetsInParallel = 1;
				LastSwiftUpdateCheck = 1430;
				LastUpgradeCheck = 1500;
				TargetAttributes = {
					5C59644E29EF9813003BB257 = {
						CreatedOnToolsVersion = 14.3;
					};
				};
			};
			buildConfigurationList = 5C59644A29EF9813003BB257 /* Build configuration list for PBXProject "dario" */;
			compatibilityVersion = "Xcode 14.0";
			developmentRegion = en;
			hasScannedForEncodings = 0;
			knownRegions = (
				en,
				Base,
			);
			mainGroup = 5C59644629EF9813003BB257;
			productRefGroup = 5C59645029EF9813003BB257 /* Products */;
			projectDirPath = "";
			projectRoot = "";
			targets = (
				5C59644E29EF9813003BB257 /* dario */,
			);
		};
/* End PBXProject section */

/* Begin PBXResourcesBuildPhase section */
		5C59644D29EF9813003BB257 /* Resources */ = {
			isa = PBXResourcesBuildPhase;
			buildActionMask = 2147483647;
			files = (
				5C59645F29EF9814003BB257 /* LaunchScreen.storyboard in Resources */,
				5C59645C29EF9814003BB257 /* Assets.xcassets in Resources */,
			);
			runOnlyForDeploymentPostprocessing = 0;
		};
/* End PBXResourcesBuildPhase section */

/* Begin PBXSourcesBuildPhase section */
		5C59644B29EF9813003BB257 /* Sources */ = {
			isa = PBXSourcesBuildPhase;
			buildActionMask = 2147483647;
			files = (
				5C59645729EF9813003BB257 /* TabBarController.swift in Sources */,
				5CCAB9512A92E9FC0051B233 /* DRHomeView.swift in Sources */,
				5C2BCEE72AE5FD1E00D92A78 /* DRDetailsDonateViewController.swift in Sources */,
				5C7A08512AB65B1700F09422 /* DREventHomeSheetView.swift in Sources */,
				5CCAB94F2A92E4050051B233 /* DRDonate.swift in Sources */,
				5CCAB9492A92DD990051B233 /* DREndpoint .swift in Sources */,
				5CBDF3F92AD4FB60007AA1EE /* DREventTableViewCellViewModel.swift in Sources */,
				5C17BFBE2ADA325700B1F8DB /* DRInstitutionViewViewModel.swift in Sources */,
				5CCAB9452A92DC2B0051B233 /* DRService.swift in Sources */,
				5C1AB95A2AB54D8400093930 /* DREventView.swift in Sources */,
				5CF8DB772AD3872F005F444A /* DRPreferenceViewCollectionViewCellViewModel.swift in Sources */,
				5C2041F22AE1DAFD00E2F388 /* DRDonateTableViewCell.swift in Sources */,
				5C1AB95C2AB54DF600093930 /* DREventViewController.swift in Sources */,
				5CCAB9572A930DDE0051B233 /* DRHeaderHomeViewCollectionViewCellViewModel.swift in Sources */,
				5C8335272AD369B600F146A8 /* DRPreferenceViewController.swift in Sources */,
				5CCAB9472A92DCBA0051B233 /* DRRequest.swift in Sources */,
				5C7A084C2AB65A4A00F09422 /* DREventHomeSheetViewController.swift in Sources */,
				5C59645329EF9813003BB257 /* AppDelegate.swift in Sources */,
				5CCAB94B2A92E3D60051B233 /* DREvent.swift in Sources */,
				5C17BFB92ADA27E600B1F8DB /* DRInstitutionTableViewCell.swift in Sources */,
				5CCAB94D2A92E3F10051B233 /* DRInstitution.swift in Sources */,
				5CCAB9552A930A8F0051B233 /* DRHeaderHomeViewCollectionViewCell.swift in Sources */,
				5CC54DEE29EF9E6900963CD7 /* ProfileViewController.swift in Sources */,
				5CD865942AE62FC700A9A666 /* DRDetailsInstitutionViewViewModel.swift in Sources */,
				5C128AFE2AD4F84200E7F842 /* DREventTableViewCell.swift in Sources */,
				5CCAB9532A92ED410051B233 /* DRHomeViewViewModel.swift in Sources */,
				5C2041F72AE1E3DE00E2F388 /* DRDonateViewViewModel.swift in Sources */,
				5C1AB9552AB53E5A00093930 /* DRDonatesView.swift in Sources */,
				5CD865912AE62F9F00A9A666 /* DRDetailsInstitutionView.swift in Sources */,
				5C1AB9602AB5581D00093930 /* DREventViewViewModel.swift in Sources */,
				5C2041F52AE1DC6300E2F388 /* DRDonateTableViewCellViewModel.swift in Sources */,
				5CF8DB742AD384DA005F444A /* DRPreferenceViewCollectionViewCell.swift in Sources */,
				5C2BCEEB2AE5FD6E00D92A78 /* DRDetailsDonateViewViewModel.swift in Sources */,
				5C83352A2AD36A6000F146A8 /* DRPreferenceView.swift in Sources */,
				5CFEBDC72AB148E400327F6E /* DRInstitutionViewController.swift in Sources */,
				5C17BFBC2ADA2B7C00B1F8DB /* DRInstitutionTableViewCellViewModel.swift in Sources */,
				5CD8658E2AE62F5D00A9A666 /* DRDetailsInstitutionViewController.swift in Sources */,
				5CF8DB792AD38A02005F444A /* DRPreferenceViewViewModel.swift in Sources */,
				5C1AB9622AB5588500093930 /* DRHeaderEventViewCollectionViewCellViewModel.swift in Sources */,
				5CFEBDCA2AB1499000327F6E /* DRInstitutionView.swift in Sources */,
				5CC54DF029EFA0FF00963CD7 /* TimeLineViewController.swift in Sources */,
				5C1AB9572AB53EBD00093930 /* DRDonatesViewController.swift in Sources */,
				5C59645529EF9813003BB257 /* SceneDelegate.swift in Sources */,
				5C18ECA32AC3B68700E101EF /* DRLoginView.swift in Sources */,
				5CC54DEC29EF9DD100963CD7 /* HomeViewController.swift in Sources */,
				5C65472E29F7DDD0003EC311 /* Extensions.swift in Sources */,
				5C2BCEE92AE5FD4A00D92A78 /* DRDetailsDonateView.swift in Sources */,
				5C1AB9642AB5595E00093930 /* DRHeaderEventViewCollectionViewCell.swift in Sources */,
			);
			runOnlyForDeploymentPostprocessing = 0;
		};
/* End PBXSourcesBuildPhase section */

/* Begin PBXVariantGroup section */
		5C59645D29EF9814003BB257 /* LaunchScreen.storyboard */ = {
			isa = PBXVariantGroup;
			children = (
				5C59645E29EF9814003BB257 /* Base */,
			);
			name = LaunchScreen.storyboard;
			sourceTree = "<group>";
		};
/* End PBXVariantGroup section */

/* Begin XCBuildConfiguration section */
		5C59646129EF9814003BB257 /* Debug */ = {
			isa = XCBuildConfiguration;
			buildSettings = {
				ALWAYS_SEARCH_USER_PATHS = NO;
				CLANG_ANALYZER_NONNULL = YES;
				CLANG_ANALYZER_NUMBER_OBJECT_CONVERSION = YES_AGGRESSIVE;
				CLANG_CXX_LANGUAGE_STANDARD = "gnu++20";
				CLANG_ENABLE_MODULES = YES;
				CLANG_ENABLE_OBJC_ARC = YES;
				CLANG_ENABLE_OBJC_WEAK = YES;
				CLANG_WARN_BLOCK_CAPTURE_AUTORELEASING = YES;
				CLANG_WARN_BOOL_CONVERSION = YES;
				CLANG_WARN_COMMA = YES;
				CLANG_WARN_CONSTANT_CONVERSION = YES;
				CLANG_WARN_DEPRECATED_OBJC_IMPLEMENTATIONS = YES;
				CLANG_WARN_DIRECT_OBJC_ISA_USAGE = YES_ERROR;
				CLANG_WARN_DOCUMENTATION_COMMENTS = YES;
				CLANG_WARN_EMPTY_BODY = YES;
				CLANG_WARN_ENUM_CONVERSION = YES;
				CLANG_WARN_INFINITE_RECURSION = YES;
				CLANG_WARN_INT_CONVERSION = YES;
				CLANG_WARN_NON_LITERAL_NULL_CONVERSION = YES;
				CLANG_WARN_OBJC_IMPLICIT_RETAIN_SELF = YES;
				CLANG_WARN_OBJC_LITERAL_CONVERSION = YES;
				CLANG_WARN_OBJC_ROOT_CLASS = YES_ERROR;
				CLANG_WARN_QUOTED_INCLUDE_IN_FRAMEWORK_HEADER = YES;
				CLANG_WARN_RANGE_LOOP_ANALYSIS = YES;
				CLANG_WARN_STRICT_PROTOTYPES = YES;
				CLANG_WARN_SUSPICIOUS_MOVE = YES;
				CLANG_WARN_UNGUARDED_AVAILABILITY = YES_AGGRESSIVE;
				CLANG_WARN_UNREACHABLE_CODE = YES;
				CLANG_WARN__DUPLICATE_METHOD_MATCH = YES;
				COPY_PHASE_STRIP = NO;
				DEBUG_INFORMATION_FORMAT = dwarf;
				ENABLE_STRICT_OBJC_MSGSEND = YES;
				ENABLE_TESTABILITY = YES;
				ENABLE_USER_SCRIPT_SANDBOXING = YES;
				GCC_C_LANGUAGE_STANDARD = gnu11;
				GCC_DYNAMIC_NO_PIC = NO;
				GCC_NO_COMMON_BLOCKS = YES;
				GCC_OPTIMIZATION_LEVEL = 0;
				GCC_PREPROCESSOR_DEFINITIONS = (
					"DEBUG=1",
					"$(inherited)",
				);
				GCC_WARN_64_TO_32_BIT_CONVERSION = YES;
				GCC_WARN_ABOUT_RETURN_TYPE = YES_ERROR;
				GCC_WARN_UNDECLARED_SELECTOR = YES;
				GCC_WARN_UNINITIALIZED_AUTOS = YES_AGGRESSIVE;
				GCC_WARN_UNUSED_FUNCTION = YES;
				GCC_WARN_UNUSED_VARIABLE = YES;
				IPHONEOS_DEPLOYMENT_TARGET = 17.0;
				MTL_ENABLE_DEBUG_INFO = INCLUDE_SOURCE;
				MTL_FAST_MATH = YES;
				ONLY_ACTIVE_ARCH = YES;
				SDKROOT = iphoneos;
				SWIFT_ACTIVE_COMPILATION_CONDITIONS = DEBUG;
				SWIFT_OPTIMIZATION_LEVEL = "-Onone";
			};
			name = Debug;
		};
		5C59646229EF9814003BB257 /* Release */ = {
			isa = XCBuildConfiguration;
			buildSettings = {
				ALWAYS_SEARCH_USER_PATHS = NO;
				CLANG_ANALYZER_NONNULL = YES;
				CLANG_ANALYZER_NUMBER_OBJECT_CONVERSION = YES_AGGRESSIVE;
				CLANG_CXX_LANGUAGE_STANDARD = "gnu++20";
				CLANG_ENABLE_MODULES = YES;
				CLANG_ENABLE_OBJC_ARC = YES;
				CLANG_ENABLE_OBJC_WEAK = YES;
				CLANG_WARN_BLOCK_CAPTURE_AUTORELEASING = YES;
				CLANG_WARN_BOOL_CONVERSION = YES;
				CLANG_WARN_COMMA = YES;
				CLANG_WARN_CONSTANT_CONVERSION = YES;
				CLANG_WARN_DEPRECATED_OBJC_IMPLEMENTATIONS = YES;
				CLANG_WARN_DIRECT_OBJC_ISA_USAGE = YES_ERROR;
				CLANG_WARN_DOCUMENTATION_COMMENTS = YES;
				CLANG_WARN_EMPTY_BODY = YES;
				CLANG_WARN_ENUM_CONVERSION = YES;
				CLANG_WARN_INFINITE_RECURSION = YES;
				CLANG_WARN_INT_CONVERSION = YES;
				CLANG_WARN_NON_LITERAL_NULL_CONVERSION = YES;
				CLANG_WARN_OBJC_IMPLICIT_RETAIN_SELF = YES;
				CLANG_WARN_OBJC_LITERAL_CONVERSION = YES;
				CLANG_WARN_OBJC_ROOT_CLASS = YES_ERROR;
				CLANG_WARN_QUOTED_INCLUDE_IN_FRAMEWORK_HEADER = YES;
				CLANG_WARN_RANGE_LOOP_ANALYSIS = YES;
				CLANG_WARN_STRICT_PROTOTYPES = YES;
				CLANG_WARN_SUSPICIOUS_MOVE = YES;
				CLANG_WARN_UNGUARDED_AVAILABILITY = YES_AGGRESSIVE;
				CLANG_WARN_UNREACHABLE_CODE = YES;
				CLANG_WARN__DUPLICATE_METHOD_MATCH = YES;
				COPY_PHASE_STRIP = NO;
				DEBUG_INFORMATION_FORMAT = "dwarf-with-dsym";
				ENABLE_NS_ASSERTIONS = NO;
				ENABLE_STRICT_OBJC_MSGSEND = YES;
				ENABLE_USER_SCRIPT_SANDBOXING = YES;
				GCC_C_LANGUAGE_STANDARD = gnu11;
				GCC_NO_COMMON_BLOCKS = YES;
				GCC_WARN_64_TO_32_BIT_CONVERSION = YES;
				GCC_WARN_ABOUT_RETURN_TYPE = YES_ERROR;
				GCC_WARN_UNDECLARED_SELECTOR = YES;
				GCC_WARN_UNINITIALIZED_AUTOS = YES_AGGRESSIVE;
				GCC_WARN_UNUSED_FUNCTION = YES;
				GCC_WARN_UNUSED_VARIABLE = YES;
				IPHONEOS_DEPLOYMENT_TARGET = 17.0;
				MTL_ENABLE_DEBUG_INFO = NO;
				MTL_FAST_MATH = YES;
				SDKROOT = iphoneos;
				SWIFT_COMPILATION_MODE = wholemodule;
				SWIFT_OPTIMIZATION_LEVEL = "-O";
				VALIDATE_PRODUCT = YES;
			};
			name = Release;
		};
		5C59646429EF9814003BB257 /* Debug */ = {
			isa = XCBuildConfiguration;
			buildSettings = {
				ASSETCATALOG_COMPILER_APPICON_NAME = AppIcon;
				ASSETCATALOG_COMPILER_GLOBAL_ACCENT_COLOR_NAME = AccentColor;
				CODE_SIGN_STYLE = Automatic;
				CURRENT_PROJECT_VERSION = 1;
				DEVELOPMENT_TEAM = 2K35UBXMNN;
				GENERATE_INFOPLIST_FILE = YES;
				INFOPLIST_FILE = dario/Info.plist;
				INFOPLIST_KEY_LSApplicationCategoryType = "public.app-category.education";
				INFOPLIST_KEY_UIApplicationSupportsIndirectInputEvents = YES;
				INFOPLIST_KEY_UILaunchStoryboardName = LaunchScreen;
				INFOPLIST_KEY_UISupportedInterfaceOrientations = UIInterfaceOrientationPortrait;
				IPHONEOS_DEPLOYMENT_TARGET = 17.0;
				LD_RUNPATH_SEARCH_PATHS = (
					"$(inherited)",
					"@executable_path/Frameworks",
				);
				MARKETING_VERSION = 1.0;
				PRODUCT_BUNDLE_IDENTIFIER = com.halvesbatochi.dario;
				PRODUCT_NAME = "$(TARGET_NAME)";
				SWIFT_EMIT_LOC_STRINGS = YES;
				SWIFT_VERSION = 5.0;
				TARGETED_DEVICE_FAMILY = "1,2";
			};
			name = Debug;
		};
		5C59646529EF9814003BB257 /* Release */ = {
			isa = XCBuildConfiguration;
			buildSettings = {
				ASSETCATALOG_COMPILER_APPICON_NAME = AppIcon;
				ASSETCATALOG_COMPILER_GLOBAL_ACCENT_COLOR_NAME = AccentColor;
				CODE_SIGN_STYLE = Automatic;
				CURRENT_PROJECT_VERSION = 1;
				DEVELOPMENT_TEAM = 2K35UBXMNN;
				GENERATE_INFOPLIST_FILE = YES;
				INFOPLIST_FILE = dario/Info.plist;
				INFOPLIST_KEY_LSApplicationCategoryType = "public.app-category.education";
				INFOPLIST_KEY_UIApplicationSupportsIndirectInputEvents = YES;
				INFOPLIST_KEY_UILaunchStoryboardName = LaunchScreen;
				INFOPLIST_KEY_UISupportedInterfaceOrientations = UIInterfaceOrientationPortrait;
				IPHONEOS_DEPLOYMENT_TARGET = 17.0;
				LD_RUNPATH_SEARCH_PATHS = (
					"$(inherited)",
					"@executable_path/Frameworks",
				);
				MARKETING_VERSION = 1.0;
				PRODUCT_BUNDLE_IDENTIFIER = com.halvesbatochi.dario;
				PRODUCT_NAME = "$(TARGET_NAME)";
				SWIFT_EMIT_LOC_STRINGS = YES;
				SWIFT_VERSION = 5.0;
				TARGETED_DEVICE_FAMILY = "1,2";
			};
			name = Release;
		};
/* End XCBuildConfiguration section */

/* Begin XCConfigurationList section */
		5C59644A29EF9813003BB257 /* Build configuration list for PBXProject "dario" */ = {
			isa = XCConfigurationList;
			buildConfigurations = (
				5C59646129EF9814003BB257 /* Debug */,
				5C59646229EF9814003BB257 /* Release */,
			);
			defaultConfigurationIsVisible = 0;
			defaultConfigurationName = Release;
		};
		5C59646329EF9814003BB257 /* Build configuration list for PBXNativeTarget "dario" */ = {
			isa = XCConfigurationList;
			buildConfigurations = (
				5C59646429EF9814003BB257 /* Debug */,
				5C59646529EF9814003BB257 /* Release */,
			);
			defaultConfigurationIsVisible = 0;
			defaultConfigurationName = Release;
		};
/* End XCConfigurationList section */
	};
	rootObject = 5C59644729EF9813003BB257 /* Project object */;
}
