// !$*UTF8*$!
{
	archiveVersion = 1;
	classes = {
	};
	objectVersion = 56;
	objects = {

/* Begin PBXBuildFile section */
		5C59645329EF9813003BB257 /* AppDelegate.swift in Sources */ = {isa = PBXBuildFile; fileRef = 5C59645229EF9813003BB257 /* AppDelegate.swift */; };
		5C59645529EF9813003BB257 /* SceneDelegate.swift in Sources */ = {isa = PBXBuildFile; fileRef = 5C59645429EF9813003BB257 /* SceneDelegate.swift */; };
		5C59645729EF9813003BB257 /* TabBarController.swift in Sources */ = {isa = PBXBuildFile; fileRef = 5C59645629EF9813003BB257 /* TabBarController.swift */; };
		5C59645C29EF9814003BB257 /* Assets.xcassets in Resources */ = {isa = PBXBuildFile; fileRef = 5C59645B29EF9814003BB257 /* Assets.xcassets */; };
		5C59645F29EF9814003BB257 /* LaunchScreen.storyboard in Resources */ = {isa = PBXBuildFile; fileRef = 5C59645D29EF9814003BB257 /* LaunchScreen.storyboard */; };
		5C65472E29F7DDD0003EC311 /* Extensions.swift in Sources */ = {isa = PBXBuildFile; fileRef = 5C65472D29F7DDD0003EC311 /* Extensions.swift */; };
		5CC54DEC29EF9DD100963CD7 /* HomeViewController.swift in Sources */ = {isa = PBXBuildFile; fileRef = 5CC54DEB29EF9DD100963CD7 /* HomeViewController.swift */; };
		5CC54DEE29EF9E6900963CD7 /* ProfileViewController.swift in Sources */ = {isa = PBXBuildFile; fileRef = 5CC54DED29EF9E6900963CD7 /* ProfileViewController.swift */; };
		5CC54DF029EFA0FF00963CD7 /* TimeLineViewController.swift in Sources */ = {isa = PBXBuildFile; fileRef = 5CC54DEF29EFA0FF00963CD7 /* TimeLineViewController.swift */; };
		5CCAB9452A92DC2B0051B233 /* DRService.swift in Sources */ = {isa = PBXBuildFile; fileRef = 5CCAB9442A92DC2B0051B233 /* DRService.swift */; };
		5CCAB9472A92DCBA0051B233 /* DRRequest.swift in Sources */ = {isa = PBXBuildFile; fileRef = 5CCAB9462A92DCBA0051B233 /* DRRequest.swift */; };
		5CCAB9492A92DD990051B233 /* DREndpoint .swift in Sources */ = {isa = PBXBuildFile; fileRef = 5CCAB9482A92DD990051B233 /* DREndpoint .swift */; };
		5CCAB94B2A92E3D60051B233 /* DREvent.swift in Sources */ = {isa = PBXBuildFile; fileRef = 5CCAB94A2A92E3D60051B233 /* DREvent.swift */; };
		5CCAB94D2A92E3F10051B233 /* DRInstitution.swift in Sources */ = {isa = PBXBuildFile; fileRef = 5CCAB94C2A92E3F10051B233 /* DRInstitution.swift */; };
		5CCAB94F2A92E4050051B233 /* DRDonate.swift in Sources */ = {isa = PBXBuildFile; fileRef = 5CCAB94E2A92E4050051B233 /* DRDonate.swift */; };
		5CCAB9512A92E9FC0051B233 /* DRHomeView.swift in Sources */ = {isa = PBXBuildFile; fileRef = 5CCAB9502A92E9FC0051B233 /* DRHomeView.swift */; };
		5CCAB9532A92ED410051B233 /* DRHomeViewViewModel.swift in Sources */ = {isa = PBXBuildFile; fileRef = 5CCAB9522A92ED410051B233 /* DRHomeViewViewModel.swift */; };
		5CCAB9552A930A8F0051B233 /* DRHeaderHomeEventCollectionViewCell.swift in Sources */ = {isa = PBXBuildFile; fileRef = 5CCAB9542A930A8F0051B233 /* DRHeaderHomeEventCollectionViewCell.swift */; };
		5CCAB9572A930DDE0051B233 /* DRHeaderHomeEventCollectionViewCellViewModel.swift in Sources */ = {isa = PBXBuildFile; fileRef = 5CCAB9562A930DDE0051B233 /* DRHeaderHomeEventCollectionViewCellViewModel.swift */; };
/* End PBXBuildFile section */

/* Begin PBXFileReference section */
		5C59644F29EF9813003BB257 /* dario.app */ = {isa = PBXFileReference; explicitFileType = wrapper.application; includeInIndex = 0; path = dario.app; sourceTree = BUILT_PRODUCTS_DIR; };
		5C59645229EF9813003BB257 /* AppDelegate.swift */ = {isa = PBXFileReference; lastKnownFileType = sourcecode.swift; path = AppDelegate.swift; sourceTree = "<group>"; };
		5C59645429EF9813003BB257 /* SceneDelegate.swift */ = {isa = PBXFileReference; lastKnownFileType = sourcecode.swift; path = SceneDelegate.swift; sourceTree = "<group>"; };
		5C59645629EF9813003BB257 /* TabBarController.swift */ = {isa = PBXFileReference; lastKnownFileType = sourcecode.swift; path = TabBarController.swift; sourceTree = "<group>"; };
		5C59645B29EF9814003BB257 /* Assets.xcassets */ = {isa = PBXFileReference; lastKnownFileType = folder.assetcatalog; path = Assets.xcassets; sourceTree = "<group>"; };
		5C59645E29EF9814003BB257 /* Base */ = {isa = PBXFileReference; lastKnownFileType = file.storyboard; name = Base; path = Base.lproj/LaunchScreen.storyboard; sourceTree = "<group>"; };
		5C59646029EF9814003BB257 /* Info.plist */ = {isa = PBXFileReference; lastKnownFileType = text.plist.xml; path = Info.plist; sourceTree = "<group>"; };
		5C65472D29F7DDD0003EC311 /* Extensions.swift */ = {isa = PBXFileReference; lastKnownFileType = sourcecode.swift; path = Extensions.swift; sourceTree = "<group>"; };
		5CC54DEB29EF9DD100963CD7 /* HomeViewController.swift */ = {isa = PBXFileReference; lastKnownFileType = sourcecode.swift; path = HomeViewController.swift; sourceTree = "<group>"; };
		5CC54DED29EF9E6900963CD7 /* ProfileViewController.swift */ = {isa = PBXFileReference; lastKnownFileType = sourcecode.swift; path = ProfileViewController.swift; sourceTree = "<group>"; };
		5CC54DEF29EFA0FF00963CD7 /* TimeLineViewController.swift */ = {isa = PBXFileReference; lastKnownFileType = sourcecode.swift; path = TimeLineViewController.swift; sourceTree = "<group>"; };
		5CCAB9442A92DC2B0051B233 /* DRService.swift */ = {isa = PBXFileReference; lastKnownFileType = sourcecode.swift; path = DRService.swift; sourceTree = "<group>"; };
		5CCAB9462A92DCBA0051B233 /* DRRequest.swift */ = {isa = PBXFileReference; lastKnownFileType = sourcecode.swift; path = DRRequest.swift; sourceTree = "<group>"; };
		5CCAB9482A92DD990051B233 /* DREndpoint .swift */ = {isa = PBXFileReference; lastKnownFileType = sourcecode.swift; path = "DREndpoint .swift"; sourceTree = "<group>"; };
		5CCAB94A2A92E3D60051B233 /* DREvent.swift */ = {isa = PBXFileReference; lastKnownFileType = sourcecode.swift; path = DREvent.swift; sourceTree = "<group>"; };
		5CCAB94C2A92E3F10051B233 /* DRInstitution.swift */ = {isa = PBXFileReference; lastKnownFileType = sourcecode.swift; path = DRInstitution.swift; sourceTree = "<group>"; };
		5CCAB94E2A92E4050051B233 /* DRDonate.swift */ = {isa = PBXFileReference; lastKnownFileType = sourcecode.swift; path = DRDonate.swift; sourceTree = "<group>"; };
		5CCAB9502A92E9FC0051B233 /* DRHomeView.swift */ = {isa = PBXFileReference; lastKnownFileType = sourcecode.swift; path = DRHomeView.swift; sourceTree = "<group>"; };
		5CCAB9522A92ED410051B233 /* DRHomeViewViewModel.swift */ = {isa = PBXFileReference; lastKnownFileType = sourcecode.swift; path = DRHomeViewViewModel.swift; sourceTree = "<group>"; };
		5CCAB9542A930A8F0051B233 /* DRHeaderHomeEventCollectionViewCell.swift */ = {isa = PBXFileReference; lastKnownFileType = sourcecode.swift; path = DRHeaderHomeEventCollectionViewCell.swift; sourceTree = "<group>"; };
		5CCAB9562A930DDE0051B233 /* DRHeaderHomeEventCollectionViewCellViewModel.swift */ = {isa = PBXFileReference; lastKnownFileType = sourcecode.swift; path = DRHeaderHomeEventCollectionViewCellViewModel.swift; sourceTree = "<group>"; };
/* End PBXFileReference section */

/* Begin PBXFrameworksBuildPhase section */
		5C59644C29EF9813003BB257 /* Frameworks */ = {
			isa = PBXFrameworksBuildPhase;
			buildActionMask = 2147483647;
			files = (
			);
			runOnlyForDeploymentPostprocessing = 0;
		};
/* End PBXFrameworksBuildPhase section */

/* Begin PBXGroup section */
		5C59644629EF9813003BB257 = {
			isa = PBXGroup;
			children = (
				5C59645129EF9813003BB257 /* dario */,
				5C59645029EF9813003BB257 /* Products */,
			);
			sourceTree = "<group>";
		};
		5C59645029EF9813003BB257 /* Products */ = {
			isa = PBXGroup;
			children = (
				5C59644F29EF9813003BB257 /* dario.app */,
			);
			name = Products;
			sourceTree = "<group>";
		};
		5C59645129EF9813003BB257 /* dario */ = {
			isa = PBXGroup;
			children = (
				5CC54DE929EF9ACA00963CD7 /* Resources */,
				5CC54DE829EF9AB200963CD7 /* APIClient */,
				5CC54DE729EF9A7D00963CD7 /* Managers */,
				5CC54DE629EF9A4B00963CD7 /* ViewModels */,
				5CC54DE529EF99D000963CD7 /* Views */,
				5CC54DE429EF99A300963CD7 /* Models */,
				5CC54DE329EF999400963CD7 /* Controllers */,
				5C59646029EF9814003BB257 /* Info.plist */,
			);
			path = dario;
			sourceTree = "<group>";
		};
		5CC54DE329EF999400963CD7 /* Controllers */ = {
			isa = PBXGroup;
			children = (
				5CC54DEA29EF9C8800963CD7 /* Core */,
			);
			path = Controllers;
			sourceTree = "<group>";
		};
		5CC54DE429EF99A300963CD7 /* Models */ = {
			isa = PBXGroup;
			children = (
				5CCAB94A2A92E3D60051B233 /* DREvent.swift */,
				5CCAB94C2A92E3F10051B233 /* DRInstitution.swift */,
				5CCAB94E2A92E4050051B233 /* DRDonate.swift */,
			);
			path = Models;
			sourceTree = "<group>";
		};
		5CC54DE529EF99D000963CD7 /* Views */ = {
			isa = PBXGroup;
			children = (
				5CCAB9502A92E9FC0051B233 /* DRHomeView.swift */,
				5CCAB9542A930A8F0051B233 /* DRHeaderHomeEventCollectionViewCell.swift */,
			);
			path = Views;
			sourceTree = "<group>";
		};
		5CC54DE629EF9A4B00963CD7 /* ViewModels */ = {
			isa = PBXGroup;
			children = (
				5CCAB9522A92ED410051B233 /* DRHomeViewViewModel.swift */,
				5CCAB9562A930DDE0051B233 /* DRHeaderHomeEventCollectionViewCellViewModel.swift */,
			);
			path = ViewModels;
			sourceTree = "<group>";
		};
		5CC54DE729EF9A7D00963CD7 /* Managers */ = {
			isa = PBXGroup;
			children = (
			);
			path = Managers;
			sourceTree = "<group>";
		};
		5CC54DE829EF9AB200963CD7 /* APIClient */ = {
			isa = PBXGroup;
			children = (
				5CCAB9442A92DC2B0051B233 /* DRService.swift */,
				5CCAB9462A92DCBA0051B233 /* DRRequest.swift */,
				5CCAB9482A92DD990051B233 /* DREndpoint .swift */,
			);
			path = APIClient;
			sourceTree = "<group>";
		};
		5CC54DE929EF9ACA00963CD7 /* Resources */ = {
			isa = PBXGroup;
			children = (
				5C59645229EF9813003BB257 /* AppDelegate.swift */,
				5C59645B29EF9814003BB257 /* Assets.xcassets */,
				5C59645D29EF9814003BB257 /* LaunchScreen.storyboard */,
				5C59645429EF9813003BB257 /* SceneDelegate.swift */,
				5C65472D29F7DDD0003EC311 /* Extensions.swift */,
			);
			path = Resources;
			sourceTree = "<group>";
		};
		5CC54DEA29EF9C8800963CD7 /* Core */ = {
			isa = PBXGroup;
			children = (
				5C59645629EF9813003BB257 /* TabBarController.swift */,
				5CC54DEB29EF9DD100963CD7 /* HomeViewController.swift */,
				5CC54DED29EF9E6900963CD7 /* ProfileViewController.swift */,
				5CC54DEF29EFA0FF00963CD7 /* TimeLineViewController.swift */,
			);
			path = Core;
			sourceTree = "<group>";
		};
/* End PBXGroup section */

/* Begin PBXNativeTarget section */
		5C59644E29EF9813003BB257 /* dario */ = {
			isa = PBXNativeTarget;
			buildConfigurationList = 5C59646329EF9814003BB257 /* Build configuration list for PBXNativeTarget "dario" */;
			buildPhases = (
				5C59644B29EF9813003BB257 /* Sources */,
				5C59644C29EF9813003BB257 /* Frameworks */,
				5C59644D29EF9813003BB257 /* Resources */,
			);
			buildRules = (
			);
			dependencies = (
			);
			name = dario;
			productName = dario;
			productReference = 5C59644F29EF9813003BB257 /* dario.app */;
			productType = "com.apple.product-type.application";
		};
/* End PBXNativeTarget section */

/* Begin PBXProject section */
		5C59644729EF9813003BB257 /* Project object */ = {
			isa = PBXProject;
			attributes = {
				BuildIndependentTargetsInParallel = 1;
				LastSwiftUpdateCheck = 1430;
				LastUpgradeCheck = 1430;
				TargetAttributes = {
					5C59644E29EF9813003BB257 = {
						CreatedOnToolsVersion = 14.3;
					};
				};
			};
			buildConfigurationList = 5C59644A29EF9813003BB257 /* Build configuration list for PBXProject "dario" */;
			compatibilityVersion = "Xcode 14.0";
			developmentRegion = en;
			hasScannedForEncodings = 0;
			knownRegions = (
				en,
				Base,
			);
			mainGroup = 5C59644629EF9813003BB257;
			productRefGroup = 5C59645029EF9813003BB257 /* Products */;
			projectDirPath = "";
			projectRoot = "";
			targets = (
				5C59644E29EF9813003BB257 /* dario */,
			);
		};
/* End PBXProject section */

/* Begin PBXResourcesBuildPhase section */
		5C59644D29EF9813003BB257 /* Resources */ = {
			isa = PBXResourcesBuildPhase;
			buildActionMask = 2147483647;
			files = (
				5C59645F29EF9814003BB257 /* LaunchScreen.storyboard in Resources */,
				5C59645C29EF9814003BB257 /* Assets.xcassets in Resources */,
			);
			runOnlyForDeploymentPostprocessing = 0;
		};
/* End PBXResourcesBuildPhase section */

/* Begin PBXSourcesBuildPhase section */
		5C59644B29EF9813003BB257 /* Sources */ = {
			isa = PBXSourcesBuildPhase;
			buildActionMask = 2147483647;
			files = (
				5C59645729EF9813003BB257 /* TabBarController.swift in Sources */,
				5CCAB9512A92E9FC0051B233 /* DRHomeView.swift in Sources */,
				5CCAB94F2A92E4050051B233 /* DRDonate.swift in Sources */,
				5CCAB9492A92DD990051B233 /* DREndpoint .swift in Sources */,
				5CCAB9452A92DC2B0051B233 /* DRService.swift in Sources */,
				5CCAB9572A930DDE0051B233 /* DRHeaderHomeEventCollectionViewCellViewModel.swift in Sources */,
				5CCAB9472A92DCBA0051B233 /* DRRequest.swift in Sources */,
				5C59645329EF9813003BB257 /* AppDelegate.swift in Sources */,
				5CCAB94B2A92E3D60051B233 /* DREvent.swift in Sources */,
				5CCAB94D2A92E3F10051B233 /* DRInstitution.swift in Sources */,
				5CCAB9552A930A8F0051B233 /* DRHeaderHomeEventCollectionViewCell.swift in Sources */,
				5CC54DEE29EF9E6900963CD7 /* ProfileViewController.swift in Sources */,
				5CCAB9532A92ED410051B233 /* DRHomeViewViewModel.swift in Sources */,
				5CC54DF029EFA0FF00963CD7 /* TimeLineViewController.swift in Sources */,
				5C59645529EF9813003BB257 /* SceneDelegate.swift in Sources */,
				5CC54DEC29EF9DD100963CD7 /* HomeViewController.swift in Sources */,
				5C65472E29F7DDD0003EC311 /* Extensions.swift in Sources */,
			);
			runOnlyForDeploymentPostprocessing = 0;
		};
/* End PBXSourcesBuildPhase section */

/* Begin PBXVariantGroup section */
		5C59645D29EF9814003BB257 /* LaunchScreen.storyboard */ = {
			isa = PBXVariantGroup;
			children = (
				5C59645E29EF9814003BB257 /* Base */,
			);
			name = LaunchScreen.storyboard;
			sourceTree = "<group>";
		};
/* End PBXVariantGroup section */

/* Begin XCBuildConfiguration section */
		5C59646129EF9814003BB257 /* Debug */ = {
			isa = XCBuildConfiguration;
			buildSettings = {
				ALWAYS_SEARCH_USER_PATHS = NO;
				CLANG_ANALYZER_NONNULL = YES;
				CLANG_ANALYZER_NUMBER_OBJECT_CONVERSION = YES_AGGRESSIVE;
				CLANG_CXX_LANGUAGE_STANDARD = "gnu++20";
				CLANG_ENABLE_MODULES = YES;
				CLANG_ENABLE_OBJC_ARC = YES;
				CLANG_ENABLE_OBJC_WEAK = YES;
				CLANG_WARN_BLOCK_CAPTURE_AUTORELEASING = YES;
				CLANG_WARN_BOOL_CONVERSION = YES;
				CLANG_WARN_COMMA = YES;
				CLANG_WARN_CONSTANT_CONVERSION = YES;
				CLANG_WARN_DEPRECATED_OBJC_IMPLEMENTATIONS = YES;
				CLANG_WARN_DIRECT_OBJC_ISA_USAGE = YES_ERROR;
				CLANG_WARN_DOCUMENTATION_COMMENTS = YES;
				CLANG_WARN_EMPTY_BODY = YES;
				CLANG_WARN_ENUM_CONVERSION = YES;
				CLANG_WARN_INFINITE_RECURSION = YES;
				CLANG_WARN_INT_CONVERSION = YES;
				CLANG_WARN_NON_LITERAL_NULL_CONVERSION = YES;
				CLANG_WARN_OBJC_IMPLICIT_RETAIN_SELF = YES;
				CLANG_WARN_OBJC_LITERAL_CONVERSION = YES;
				CLANG_WARN_OBJC_ROOT_CLASS = YES_ERROR;
				CLANG_WARN_QUOTED_INCLUDE_IN_FRAMEWORK_HEADER = YES;
				CLANG_WARN_RANGE_LOOP_ANALYSIS = YES;
				CLANG_WARN_STRICT_PROTOTYPES = YES;
				CLANG_WARN_SUSPICIOUS_MOVE = YES;
				CLANG_WARN_UNGUARDED_AVAILABILITY = YES_AGGRESSIVE;
				CLANG_WARN_UNREACHABLE_CODE = YES;
				CLANG_WARN__DUPLICATE_METHOD_MATCH = YES;
				COPY_PHASE_STRIP = NO;
				DEBUG_INFORMATION_FORMAT = dwarf;
				ENABLE_STRICT_OBJC_MSGSEND = YES;
				ENABLE_TESTABILITY = YES;
				GCC_C_LANGUAGE_STANDARD = gnu11;
				GCC_DYNAMIC_NO_PIC = NO;
				GCC_NO_COMMON_BLOCKS = YES;
				GCC_OPTIMIZATION_LEVEL = 0;
				GCC_PREPROCESSOR_DEFINITIONS = (
					"DEBUG=1",
					"$(inherited)",
				);
				GCC_WARN_64_TO_32_BIT_CONVERSION = YES;
				GCC_WARN_ABOUT_RETURN_TYPE = YES_ERROR;
				GCC_WARN_UNDECLARED_SELECTOR = YES;
				GCC_WARN_UNINITIALIZED_AUTOS = YES_AGGRESSIVE;
				GCC_WARN_UNUSED_FUNCTION = YES;
				GCC_WARN_UNUSED_VARIABLE = YES;
				IPHONEOS_DEPLOYMENT_TARGET = 16.4;
				MTL_ENABLE_DEBUG_INFO = INCLUDE_SOURCE;
				MTL_FAST_MATH = YES;
				ONLY_ACTIVE_ARCH = YES;
				SDKROOT = iphoneos;
				SWIFT_ACTIVE_COMPILATION_CONDITIONS = DEBUG;
				SWIFT_OPTIMIZATION_LEVEL = "-Onone";
			};
			name = Debug;
		};
		5C59646229EF9814003BB257 /* Release */ = {
			isa = XCBuildConfiguration;
			buildSettings = {
				ALWAYS_SEARCH_USER_PATHS = NO;
				CLANG_ANALYZER_NONNULL = YES;
				CLANG_ANALYZER_NUMBER_OBJECT_CONVERSION = YES_AGGRESSIVE;
				CLANG_CXX_LANGUAGE_STANDARD = "gnu++20";
				CLANG_ENABLE_MODULES = YES;
				CLANG_ENABLE_OBJC_ARC = YES;
				CLANG_ENABLE_OBJC_WEAK = YES;
				CLANG_WARN_BLOCK_CAPTURE_AUTORELEASING = YES;
				CLANG_WARN_BOOL_CONVERSION = YES;
				CLANG_WARN_COMMA = YES;
				CLANG_WARN_CONSTANT_CONVERSION = YES;
				CLANG_WARN_DEPRECATED_OBJC_IMPLEMENTATIONS = YES;
				CLANG_WARN_DIRECT_OBJC_ISA_USAGE = YES_ERROR;
				CLANG_WARN_DOCUMENTATION_COMMENTS = YES;
				CLANG_WARN_EMPTY_BODY = YES;
				CLANG_WARN_ENUM_CONVERSION = YES;
				CLANG_WARN_INFINITE_RECURSION = YES;
				CLANG_WARN_INT_CONVERSION = YES;
				CLANG_WARN_NON_LITERAL_NULL_CONVERSION = YES;
				CLANG_WARN_OBJC_IMPLICIT_RETAIN_SELF = YES;
				CLANG_WARN_OBJC_LITERAL_CONVERSION = YES;
				CLANG_WARN_OBJC_ROOT_CLASS = YES_ERROR;
				CLANG_WARN_QUOTED_INCLUDE_IN_FRAMEWORK_HEADER = YES;
				CLANG_WARN_RANGE_LOOP_ANALYSIS = YES;
				CLANG_WARN_STRICT_PROTOTYPES = YES;
				CLANG_WARN_SUSPICIOUS_MOVE = YES;
				CLANG_WARN_UNGUARDED_AVAILABILITY = YES_AGGRESSIVE;
				CLANG_WARN_UNREACHABLE_CODE = YES;
				CLANG_WARN__DUPLICATE_METHOD_MATCH = YES;
				COPY_PHASE_STRIP = NO;
				DEBUG_INFORMATION_FORMAT = "dwarf-with-dsym";
				ENABLE_NS_ASSERTIONS = NO;
				ENABLE_STRICT_OBJC_MSGSEND = YES;
				GCC_C_LANGUAGE_STANDARD = gnu11;
				GCC_NO_COMMON_BLOCKS = YES;
				GCC_WARN_64_TO_32_BIT_CONVERSION = YES;
				GCC_WARN_ABOUT_RETURN_TYPE = YES_ERROR;
				GCC_WARN_UNDECLARED_SELECTOR = YES;
				GCC_WARN_UNINITIALIZED_AUTOS = YES_AGGRESSIVE;
				GCC_WARN_UNUSED_FUNCTION = YES;
				GCC_WARN_UNUSED_VARIABLE = YES;
				IPHONEOS_DEPLOYMENT_TARGET = 16.4;
				MTL_ENABLE_DEBUG_INFO = NO;
				MTL_FAST_MATH = YES;
				SDKROOT = iphoneos;
				SWIFT_COMPILATION_MODE = wholemodule;
				SWIFT_OPTIMIZATION_LEVEL = "-O";
				VALIDATE_PRODUCT = YES;
			};
			name = Release;
		};
		5C59646429EF9814003BB257 /* Debug */ = {
			isa = XCBuildConfiguration;
			buildSettings = {
				ASSETCATALOG_COMPILER_APPICON_NAME = AppIcon;
				ASSETCATALOG_COMPILER_GLOBAL_ACCENT_COLOR_NAME = AccentColor;
				CODE_SIGN_STYLE = Automatic;
				CURRENT_PROJECT_VERSION = 1;
				DEVELOPMENT_TEAM = 2K35UBXMNN;
				GENERATE_INFOPLIST_FILE = YES;
				INFOPLIST_FILE = dario/Info.plist;
				INFOPLIST_KEY_UIApplicationSupportsIndirectInputEvents = YES;
				INFOPLIST_KEY_UILaunchStoryboardName = LaunchScreen;
				INFOPLIST_KEY_UISupportedInterfaceOrientations_iPad = "UIInterfaceOrientationPortrait UIInterfaceOrientationPortraitUpsideDown UIInterfaceOrientationLandscapeLeft UIInterfaceOrientationLandscapeRight";
				INFOPLIST_KEY_UISupportedInterfaceOrientations_iPhone = "UIInterfaceOrientationPortrait UIInterfaceOrientationLandscapeLeft UIInterfaceOrientationLandscapeRight";
				LD_RUNPATH_SEARCH_PATHS = (
					"$(inherited)",
					"@executable_path/Frameworks",
				);
				MARKETING_VERSION = 1.0;
				PRODUCT_BUNDLE_IDENTIFIER = com.halvesbatochi.dario;
				PRODUCT_NAME = "$(TARGET_NAME)";
				SWIFT_EMIT_LOC_STRINGS = YES;
				SWIFT_VERSION = 5.0;
				TARGETED_DEVICE_FAMILY = "1,2";
			};
			name = Debug;
		};
		5C59646529EF9814003BB257 /* Release */ = {
			isa = XCBuildConfiguration;
			buildSettings = {
				ASSETCATALOG_COMPILER_APPICON_NAME = AppIcon;
				ASSETCATALOG_COMPILER_GLOBAL_ACCENT_COLOR_NAME = AccentColor;
				CODE_SIGN_STYLE = Automatic;
				CURRENT_PROJECT_VERSION = 1;
				DEVELOPMENT_TEAM = 2K35UBXMNN;
				GENERATE_INFOPLIST_FILE = YES;
				INFOPLIST_FILE = dario/Info.plist;
				INFOPLIST_KEY_UIApplicationSupportsIndirectInputEvents = YES;
				INFOPLIST_KEY_UILaunchStoryboardName = LaunchScreen;
				INFOPLIST_KEY_UISupportedInterfaceOrientations_iPad = "UIInterfaceOrientationPortrait UIInterfaceOrientationPortraitUpsideDown UIInterfaceOrientationLandscapeLeft UIInterfaceOrientationLandscapeRight";
				INFOPLIST_KEY_UISupportedInterfaceOrientations_iPhone = "UIInterfaceOrientationPortrait UIInterfaceOrientationLandscapeLeft UIInterfaceOrientationLandscapeRight";
				LD_RUNPATH_SEARCH_PATHS = (
					"$(inherited)",
					"@executable_path/Frameworks",
				);
				MARKETING_VERSION = 1.0;
				PRODUCT_BUNDLE_IDENTIFIER = com.halvesbatochi.dario;
				PRODUCT_NAME = "$(TARGET_NAME)";
				SWIFT_EMIT_LOC_STRINGS = YES;
				SWIFT_VERSION = 5.0;
				TARGETED_DEVICE_FAMILY = "1,2";
			};
			name = Release;
		};
/* End XCBuildConfiguration section */

/* Begin XCConfigurationList section */
		5C59644A29EF9813003BB257 /* Build configuration list for PBXProject "dario" */ = {
			isa = XCConfigurationList;
			buildConfigurations = (
				5C59646129EF9814003BB257 /* Debug */,
				5C59646229EF9814003BB257 /* Release */,
			);
			defaultConfigurationIsVisible = 0;
			defaultConfigurationName = Release;
		};
		5C59646329EF9814003BB257 /* Build configuration list for PBXNativeTarget "dario" */ = {
			isa = XCConfigurationList;
			buildConfigurations = (
				5C59646429EF9814003BB257 /* Debug */,
				5C59646529EF9814003BB257 /* Release */,
			);
			defaultConfigurationIsVisible = 0;
			defaultConfigurationName = Release;
		};
/* End XCConfigurationList section */
	};
	rootObject = 5C59644729EF9813003BB257 /* Project object */;
}
